{
  "version": 4,
  "terraform_version": "1.9.1",
  "serial": 502,
  "lineage": "851310ee-ecf1-ddd2-6ce2-f232950a5505",
  "outputs": {
    "api_gateway_accountinghub_url": {
      "value": "https://c4sqimr8ie.execute-api.us-east-1.amazonaws.com/dev/accountinghub",
      "type": "string"
    },
    "api_gateway_statechange_url": {
      "value": "https://c4sqimr8ie.execute-api.us-east-1.amazonaws.com/dev/statechange",
      "type": "string"
    },
    "aws_ecs_cluster_arn": {
      "value": "arn:aws:ecs:us-east-1:996158444070:cluster/accounting-hub-ecs-cluster-dev",
      "type": "string"
    },
    "aws_ecs_service_id": {
      "value": "arn:aws:ecs:us-east-1:996158444070:service/accounting-hub-ecs-cluster-dev/accounting-hub-ecs-service-dev",
      "type": "string"
    },
    "aws_ecs_task_definition_arn": {
      "value": "arn:aws:ecs:us-east-1:996158444070:task-definition/accounting-hub-td-dev:85",
      "type": "string"
    },
    "aws_lb_arn": {
      "value": "arn:aws:elasticloadbalancing:us-east-1:996158444070:loadbalancer/net/accounting-hub-alb-dev/fad54816552cd39f",
      "type": "string"
    },
    "aws_lb_dns_name": {
      "value": "accounting-hub-alb-dev-fad54816552cd39f.elb.us-east-1.amazonaws.com",
      "type": "string"
    },
    "aws_rds_endpoint": {
      "value": "accounting-hub-rds-dev.c5kyga822ujy.us-east-1.rds.amazonaws.com:3306",
      "type": "string"
    },
    "aws_rds_instance_arn": {
      "value": "db-E2DC4IKSZTGERJNEDO3UNJ3DSM",
      "type": "string"
    },
    "aws_s3_bucket_arn": {
      "value": "arn:aws:s3:::accounting-hub-s3-bucket2-dev",
      "type": "string"
    },
    "aws_secretsmanager_secret_arn": {
      "value": "arn:aws:secretsmanager:us-east-1:996158444070:secret:accounting-hub-credentials-dev-GyyEK7",
      "type": "string"
    }
  },
  "resources": [
    {
      "mode": "data",
      "type": "archive_file",
      "name": "function_zip",
      "provider": "provider[\"registry.terraform.io/hashicorp/archive\"]",
      "instances": [
        {
          "schema_version": 0,
          "attributes": {
            "exclude_symlink_directories": null,
            "excludes": null,
            "id": "57d2e818239e64500a7e3d15537194988d7ca714",
            "output_base64sha256": "ZgslODWgP9URTTz1BX3P+cRC/bwivIv5f5hohlYoyNg=",
            "output_base64sha512": "8K9JwFRo7kCZgjD2f0J5S/MtmgNEbYPFynpImgwXehG+0LQxNkzrrgzPFik7T1hAM6YqTTsKHqnWgni1R6FIxg==",
            "output_file_mode": null,
            "output_md5": "abd3063ee81fc2e92d3fa6b01f2ae5e1",
            "output_path": "./aws_lambda_functions/uala_stage3_steps.zip",
            "output_sha": "57d2e818239e64500a7e3d15537194988d7ca714",
            "output_sha256": "660b253835a03fd5114d3cf5057dcff9c442fdbc22bc8bf97f9868865628c8d8",
            "output_sha512": "f0af49c05468ee40998230f67f42794bf32d9a03446d83c5ca7a489a0c177a11bed0b431364cebae0ccf16293b4f584033a62a4d3b0a1ea9d68278b547a148c6",
            "output_size": 1908,
            "source": [],
            "source_content": null,
            "source_content_filename": null,
            "source_dir": "./aws_lambda_functions/uala_stage3_steps",
            "source_file": null,
            "type": "zip"
          },
          "sensitive_attributes": []
        }
      ]
    },
    {
      "mode": "managed",
      "type": "aws_api_gateway_deployment",
      "name": "api_gateway_deploy",
      "provider": "provider[\"registry.terraform.io/hashicorp/aws\"]",
      "instances": [
        {
          "schema_version": 0,
          "attributes": {
            "canary_settings": [],
            "created_date": "2024-10-24T00:10:35Z",
            "description": "",
            "execution_arn": "arn:aws:execute-api:us-east-1:996158444070:c4sqimr8ie/dev",
            "id": "64xazv",
            "invoke_url": "https://c4sqimr8ie.execute-api.us-east-1.amazonaws.com/dev",
            "rest_api_id": "c4sqimr8ie",
            "stage_description": null,
            "stage_name": "dev",
            "triggers": null,
            "variables": {
              "vpc_link_id": "cwogwd"
            }
          },
          "sensitive_attributes": [],
          "private": "bnVsbA==",
          "dependencies": [
            "aws_api_gateway_integration.accounting_hub_integration",
            "aws_api_gateway_integration.stage_change_lambda_integration",
            "aws_api_gateway_method.accounting_hub_method",
            "aws_api_gateway_method.state_change_lambda_method",
            "aws_api_gateway_resource.accounting_hub_resource",
            "aws_api_gateway_resource.stage_change_lambda_resource",
            "aws_api_gateway_rest_api.ah_apigw",
            "aws_api_gateway_vpc_link.vpc_link",
            "aws_lambda_function.state_change_lambda",
            "aws_lb.load_balancer",
            "aws_lb_listener.listener_http",
            "aws_lb_listener.listener_https",
            "aws_lb_target_group.target_group",
            "aws_secretsmanager_secret.credentials",
            "data.archive_file.function_zip"
          ],
          "create_before_destroy": true
        }
      ]
    },
    {
      "mode": "managed",
      "type": "aws_api_gateway_integration",
      "name": "accounting_hub_integration",
      "provider": "provider[\"registry.terraform.io/hashicorp/aws\"]",
      "instances": [
        {
          "schema_version": 0,
          "attributes": {
            "cache_key_parameters": null,
            "cache_namespace": "mpkk37",
            "connection_id": "cwogwd",
            "connection_type": "VPC_LINK",
            "content_handling": "",
            "credentials": "",
            "http_method": "GET",
            "id": "agi-c4sqimr8ie-mpkk37-GET",
            "integration_http_method": "GET",
            "passthrough_behavior": "WHEN_NO_MATCH",
            "request_parameters": null,
            "request_templates": null,
            "resource_id": "mpkk37",
            "rest_api_id": "c4sqimr8ie",
            "timeout_milliseconds": 29000,
            "tls_config": [],
            "type": "HTTP_PROXY",
            "uri": "http://accounting-hub-alb-dev-fad54816552cd39f.elb.us-east-1.amazonaws.com/api/Execute/version"
          },
          "sensitive_attributes": [],
          "private": "bnVsbA==",
          "dependencies": [
            "aws_api_gateway_method.accounting_hub_method",
            "aws_api_gateway_resource.accounting_hub_resource",
            "aws_api_gateway_rest_api.ah_apigw",
            "aws_api_gateway_vpc_link.vpc_link",
            "aws_lb.load_balancer",
            "aws_lb_listener.listener_http",
            "aws_lb_listener.listener_https",
            "aws_lb_target_group.target_group"
          ],
          "create_before_destroy": true
        }
      ]
    },
    {
      "mode": "managed",
      "type": "aws_api_gateway_integration",
      "name": "stage_change_lambda_integration",
      "provider": "provider[\"registry.terraform.io/hashicorp/aws\"]",
      "instances": [
        {
          "schema_version": 0,
          "attributes": {
            "cache_key_parameters": null,
            "cache_namespace": "x95vx0",
            "connection_id": "",
            "connection_type": "INTERNET",
            "content_handling": "",
            "credentials": "",
            "http_method": "POST",
            "id": "agi-c4sqimr8ie-x95vx0-POST",
            "integration_http_method": "POST",
            "passthrough_behavior": "WHEN_NO_MATCH",
            "request_parameters": null,
            "request_templates": null,
            "resource_id": "x95vx0",
            "rest_api_id": "c4sqimr8ie",
            "timeout_milliseconds": 29000,
            "tls_config": [],
            "type": "AWS_PROXY",
            "uri": "arn:aws:apigateway:us-east-1:lambda:path/2015-03-31/functions/arn:aws:lambda:us-east-1:996158444070:function:uala_stage3_steps-dev/invocations"
          },
          "sensitive_attributes": [],
          "private": "bnVsbA==",
          "dependencies": [
            "aws_api_gateway_method.state_change_lambda_method",
            "aws_api_gateway_resource.stage_change_lambda_resource",
            "aws_api_gateway_rest_api.ah_apigw",
            "aws_lambda_function.state_change_lambda",
            "aws_lb.load_balancer",
            "aws_lb_listener.listener_http",
            "aws_lb_listener.listener_https",
            "aws_lb_target_group.target_group",
            "aws_secretsmanager_secret.credentials",
            "data.archive_file.function_zip"
          ],
          "create_before_destroy": true
        }
      ]
    },
    {
      "mode": "managed",
      "type": "aws_api_gateway_method",
      "name": "accounting_hub_method",
      "provider": "provider[\"registry.terraform.io/hashicorp/aws\"]",
      "instances": [
        {
          "schema_version": 0,
          "attributes": {
            "api_key_required": false,
            "authorization": "NONE",
            "authorization_scopes": null,
            "authorizer_id": null,
            "http_method": "GET",
            "id": "agm-c4sqimr8ie-mpkk37-GET",
            "operation_name": null,
            "request_models": null,
            "request_parameters": null,
            "request_validator_id": null,
            "resource_id": "mpkk37",
            "rest_api_id": "c4sqimr8ie"
          },
          "sensitive_attributes": [],
          "private": "bnVsbA==",
          "dependencies": [
            "aws_api_gateway_resource.accounting_hub_resource",
            "aws_api_gateway_rest_api.ah_apigw",
            "aws_lb.load_balancer",
            "aws_lb_listener.listener_http",
            "aws_lb_listener.listener_https",
            "aws_lb_target_group.target_group"
          ],
          "create_before_destroy": true
        }
      ]
    },
    {
      "mode": "managed",
      "type": "aws_api_gateway_method",
      "name": "state_change_lambda_method",
      "provider": "provider[\"registry.terraform.io/hashicorp/aws\"]",
      "instances": [
        {
          "schema_version": 0,
          "attributes": {
            "api_key_required": false,
            "authorization": "NONE",
            "authorization_scopes": null,
            "authorizer_id": null,
            "http_method": "POST",
            "id": "agm-c4sqimr8ie-x95vx0-POST",
            "operation_name": null,
            "request_models": null,
            "request_parameters": null,
            "request_validator_id": null,
            "resource_id": "x95vx0",
            "rest_api_id": "c4sqimr8ie"
          },
          "sensitive_attributes": [],
          "private": "bnVsbA==",
          "dependencies": [
            "aws_api_gateway_resource.stage_change_lambda_resource",
            "aws_api_gateway_rest_api.ah_apigw",
            "aws_lb.load_balancer",
            "aws_lb_listener.listener_http",
            "aws_lb_listener.listener_https",
            "aws_lb_target_group.target_group"
          ],
          "create_before_destroy": true
        }
      ]
    },
    {
      "mode": "managed",
      "type": "aws_api_gateway_resource",
      "name": "accounting_hub_resource",
      "provider": "provider[\"registry.terraform.io/hashicorp/aws\"]",
      "instances": [
        {
          "schema_version": 0,
          "attributes": {
            "id": "mpkk37",
            "parent_id": "xmquglsbm2",
            "path": "/accountinghub",
            "path_part": "accountinghub",
            "rest_api_id": "c4sqimr8ie"
          },
          "sensitive_attributes": [],
          "private": "bnVsbA==",
          "dependencies": [
            "aws_api_gateway_rest_api.ah_apigw",
            "aws_lb.load_balancer",
            "aws_lb_listener.listener_http",
            "aws_lb_listener.listener_https",
            "aws_lb_target_group.target_group"
          ],
          "create_before_destroy": true
        }
      ]
    },
    {
      "mode": "managed",
      "type": "aws_api_gateway_resource",
      "name": "stage_change_lambda_resource",
      "provider": "provider[\"registry.terraform.io/hashicorp/aws\"]",
      "instances": [
        {
          "schema_version": 0,
          "attributes": {
            "id": "x95vx0",
            "parent_id": "xmquglsbm2",
            "path": "/stagechange",
            "path_part": "stagechange",
            "rest_api_id": "c4sqimr8ie"
          },
          "sensitive_attributes": [],
          "private": "bnVsbA==",
          "dependencies": [
            "aws_api_gateway_rest_api.ah_apigw",
            "aws_lb.load_balancer",
            "aws_lb_listener.listener_http",
            "aws_lb_listener.listener_https",
            "aws_lb_target_group.target_group"
          ],
          "create_before_destroy": true
        }
      ]
    },
    {
      "mode": "managed",
      "type": "aws_api_gateway_rest_api",
      "name": "ah_apigw",
      "provider": "provider[\"registry.terraform.io/hashicorp/aws\"]",
      "instances": [
        {
          "schema_version": 0,
          "attributes": {
            "api_key_source": "HEADER",
            "arn": "arn:aws:apigateway:us-east-1::/restapis/c4sqimr8ie",
            "binary_media_types": [],
            "body": null,
            "created_date": "2024-10-24T00:04:00Z",
            "description": "",
            "disable_execute_api_endpoint": false,
            "endpoint_configuration": [
              {
                "types": [
                  "REGIONAL"
                ],
                "vpc_endpoint_ids": []
              }
            ],
            "execution_arn": "arn:aws:execute-api:us-east-1:996158444070:c4sqimr8ie",
            "fail_on_warnings": null,
            "id": "c4sqimr8ie",
            "minimum_compression_size": "",
            "name": "Uala Accounting Hub API GW",
            "parameters": null,
            "policy": "",
            "put_rest_api_mode": null,
            "root_resource_id": "xmquglsbm2",
            "tags": {
              "Application": "Accounting Hub",
              "Stage": "dev"
            },
            "tags_all": {
              "Application": "Accounting Hub",
              "Stage": "dev"
            }
          },
          "sensitive_attributes": [],
          "private": "bnVsbA==",
          "dependencies": [
            "aws_lb.load_balancer",
            "aws_lb_listener.listener_http",
            "aws_lb_listener.listener_https",
            "aws_lb_target_group.target_group"
          ],
          "create_before_destroy": true
        }
      ]
    },
    {
      "mode": "managed",
      "type": "aws_api_gateway_vpc_link",
      "name": "vpc_link",
      "provider": "provider[\"registry.terraform.io/hashicorp/aws\"]",
      "instances": [
        {
          "schema_version": 0,
          "attributes": {
            "arn": "arn:aws:apigateway:us-east-1::/vpclinks/cwogwd",
            "description": "",
            "id": "cwogwd",
            "name": "accounting-hub-vpc-link-dev",
            "tags": {
              "Application": "Accounting Hub",
              "Stage": "dev"
            },
            "tags_all": {
              "Application": "Accounting Hub",
              "Stage": "dev"
            },
            "target_arns": [
              "arn:aws:elasticloadbalancing:us-east-1:996158444070:loadbalancer/net/accounting-hub-alb-dev/fad54816552cd39f"
            ]
          },
          "sensitive_attributes": [],
          "private": "bnVsbA==",
          "dependencies": [
            "aws_lb.load_balancer",
            "aws_lb_listener.listener_http",
            "aws_lb_listener.listener_https",
            "aws_lb_target_group.target_group"
          ],
          "create_before_destroy": true
        }
      ]
    },
    {
      "mode": "managed",
      "type": "aws_cloudwatch_log_group",
      "name": "ecs",
      "provider": "provider[\"registry.terraform.io/hashicorp/aws\"]",
      "instances": [
        {
          "schema_version": 0,
          "attributes": {
            "arn": "arn:aws:logs:us-east-1:996158444070:log-group:/ecs/accounting-hub-dev",
            "id": "/ecs/accounting-hub-dev",
            "kms_key_id": "",
            "log_group_class": "STANDARD",
            "name": "/ecs/accounting-hub-dev",
            "name_prefix": "",
            "retention_in_days": 0,
            "skip_destroy": false,
            "tags": {
              "Application": "accounting hub",
              "Stage": "dev"
            },
            "tags_all": {
              "Application": "accounting hub",
              "Stage": "dev"
            }
          },
          "sensitive_attributes": [],
          "private": "bnVsbA=="
        }
      ]
    },
    {
      "mode": "managed",
      "type": "aws_db_instance",
      "name": "rds_instance",
      "provider": "provider[\"registry.terraform.io/hashicorp/aws\"]",
      "instances": [
        {
          "schema_version": 2,
          "attributes": {
            "address": "accounting-hub-rds-dev.c5kyga822ujy.us-east-1.rds.amazonaws.com",
            "allocated_storage": 50,
            "allow_major_version_upgrade": null,
            "apply_immediately": false,
            "arn": "arn:aws:rds:us-east-1:996158444070:db:accounting-hub-rds-dev",
            "auto_minor_version_upgrade": true,
            "availability_zone": "us-east-1b",
            "backup_retention_period": 0,
            "backup_target": "region",
            "backup_window": "08:37-09:07",
            "blue_green_update": [],
            "ca_cert_identifier": "rds-ca-rsa2048-g1",
            "character_set_name": "",
            "copy_tags_to_snapshot": false,
            "custom_iam_instance_profile": "",
            "customer_owned_ip_enabled": false,
            "db_name": "",
            "db_subnet_group_name": "accounting-hub-db-subnet-dev",
            "dedicated_log_volume": false,
            "delete_automated_backups": true,
            "deletion_protection": false,
            "domain": "",
            "domain_auth_secret_arn": "",
            "domain_dns_ips": null,
            "domain_fqdn": "",
            "domain_iam_role_name": "",
            "domain_ou": "",
            "enabled_cloudwatch_logs_exports": null,
            "endpoint": "accounting-hub-rds-dev.c5kyga822ujy.us-east-1.rds.amazonaws.com:3306",
            "engine": "mysql",
            "engine_lifecycle_support": "open-source-rds-extended-support",
            "engine_version": "8.0.35",
            "engine_version_actual": "8.0.35",
            "final_snapshot_identifier": null,
            "hosted_zone_id": "Z2R2ITUGPM61AM",
            "iam_database_authentication_enabled": false,
            "id": "db-E2DC4IKSZTGERJNEDO3UNJ3DSM",
            "identifier": "accounting-hub-rds-dev",
            "identifier_prefix": "",
            "instance_class": "db.t4g.small",
            "iops": 0,
            "kms_key_id": "",
            "latest_restorable_time": "",
            "license_model": "general-public-license",
            "listener_endpoint": [],
            "maintenance_window": "mon:06:49-mon:07:19",
            "manage_master_user_password": null,
            "master_user_secret": [],
            "master_user_secret_kms_key_id": null,
            "max_allocated_storage": 0,
            "monitoring_interval": 60,
            "monitoring_role_arn": "arn:aws:iam::996158444070:role/rdsMonitoringRole",
            "multi_az": false,
            "nchar_character_set_name": "",
            "network_type": "IPV4",
            "option_group_name": "default:mysql-8-0",
            "parameter_group_name": "default.mysql8.0",
            "password": "GHH4i!%yEDG6RXNe3cdcyp2I_mAf4MGS",
            "performance_insights_enabled": false,
            "performance_insights_kms_key_id": "",
            "performance_insights_retention_period": 0,
            "port": 3306,
            "publicly_accessible": false,
            "replica_mode": "",
            "replicas": [],
            "replicate_source_db": "",
            "resource_id": "db-E2DC4IKSZTGERJNEDO3UNJ3DSM",
            "restore_to_point_in_time": [],
            "s3_import": [],
            "skip_final_snapshot": true,
            "snapshot_identifier": null,
            "status": "available",
            "storage_encrypted": false,
            "storage_throughput": 0,
            "storage_type": "gp2",
            "tags": {
              "Application": "accounting hub",
              "Stage": "dev"
            },
            "tags_all": {
              "Application": "accounting hub",
              "Stage": "dev"
            },
            "timeouts": null,
            "timezone": "",
            "upgrade_storage_config": null,
            "username": "root",
            "vpc_security_group_ids": [
              "sg-00a3c2da669a382f5"
            ]
          },
          "sensitive_attributes": [
            [
              {
                "type": "get_attr",
                "value": "password"
              }
            ]
          ],
          "private": "eyJlMmJmYjczMC1lY2FhLTExZTYtOGY4OC0zNDM2M2JjN2M0YzAiOnsiY3JlYXRlIjoyNDAwMDAwMDAwMDAwLCJkZWxldGUiOjM2MDAwMDAwMDAwMDAsInVwZGF0ZSI6NDgwMDAwMDAwMDAwMH0sInNjaGVtYV92ZXJzaW9uIjoiMiJ9",
          "dependencies": [
            "aws_db_subnet_group.db_subnets",
            "random_password.master"
          ]
        }
      ]
    },
    {
      "mode": "managed",
      "type": "aws_db_subnet_group",
      "name": "db_subnets",
      "provider": "provider[\"registry.terraform.io/hashicorp/aws\"]",
      "instances": [
        {
          "schema_version": 0,
          "attributes": {
            "arn": "arn:aws:rds:us-east-1:996158444070:subgrp:accounting-hub-db-subnet-dev",
            "description": "Managed by Terraform",
            "id": "accounting-hub-db-subnet-dev",
            "name": "accounting-hub-db-subnet-dev",
            "name_prefix": "",
            "subnet_ids": [
              "subnet-004c23dd3f21601b2",
              "subnet-05668d3946b1d4b33"
            ],
            "supported_network_types": [
              "IPV4"
            ],
            "tags": {
              "Application": "accounting hub",
              "Stage": "dev"
            },
            "tags_all": {
              "Application": "accounting hub",
              "Stage": "dev"
            },
            "vpc_id": "vpc-00465b6029aa62142"
          },
          "sensitive_attributes": [],
          "private": "bnVsbA=="
        }
      ]
    },
    {
      "mode": "managed",
      "type": "aws_ecs_cluster",
      "name": "ecs_cluster",
      "provider": "provider[\"registry.terraform.io/hashicorp/aws\"]",
      "instances": [
        {
          "schema_version": 0,
          "attributes": {
            "arn": "arn:aws:ecs:us-east-1:996158444070:cluster/accounting-hub-ecs-cluster-dev",
            "configuration": [],
            "id": "arn:aws:ecs:us-east-1:996158444070:cluster/accounting-hub-ecs-cluster-dev",
            "name": "accounting-hub-ecs-cluster-dev",
            "service_connect_defaults": [],
            "setting": [
              {
                "name": "containerInsights",
                "value": "disabled"
              }
            ],
            "tags": {
              "Application": "accounting hub",
              "Stage": "dev"
            },
            "tags_all": {
              "Application": "accounting hub",
              "Stage": "dev"
            }
          },
          "sensitive_attributes": [],
          "private": "bnVsbA=="
        }
      ]
    },
    {
      "mode": "managed",
      "type": "aws_ecs_service",
      "name": "ecs_service",
      "provider": "provider[\"registry.terraform.io/hashicorp/aws\"]",
      "instances": [
        {
          "schema_version": 1,
          "attributes": {
            "alarms": [],
            "capacity_provider_strategy": [],
            "cluster": "arn:aws:ecs:us-east-1:996158444070:cluster/accounting-hub-ecs-cluster-dev",
            "deployment_circuit_breaker": [
              {
                "enable": false,
                "rollback": false
              }
            ],
            "deployment_controller": [
              {
                "type": "ECS"
              }
            ],
            "deployment_maximum_percent": 200,
            "deployment_minimum_healthy_percent": 100,
            "desired_count": 1,
            "enable_ecs_managed_tags": false,
            "enable_execute_command": false,
            "force_delete": null,
            "force_new_deployment": null,
            "health_check_grace_period_seconds": 0,
            "iam_role": "/aws-service-role/ecs.amazonaws.com/AWSServiceRoleForECS",
            "id": "arn:aws:ecs:us-east-1:996158444070:service/accounting-hub-ecs-cluster-dev/accounting-hub-ecs-service-dev",
            "launch_type": "FARGATE",
            "load_balancer": [
              {
                "container_name": "accounting-hub-container-dev",
                "container_port": 8080,
                "elb_name": "",
                "target_group_arn": "arn:aws:elasticloadbalancing:us-east-1:996158444070:targetgroup/accounting-hub-tg-dev/5fb7a75f09b51983"
              }
            ],
            "name": "accounting-hub-ecs-service-dev",
            "network_configuration": [
              {
                "assign_public_ip": false,
                "security_groups": [
                  "sg-0d7857c711fc0fca7"
                ],
                "subnets": [
                  "subnet-004c23dd3f21601b2",
                  "subnet-05668d3946b1d4b33"
                ]
              }
            ],
            "ordered_placement_strategy": [],
            "placement_constraints": [],
            "platform_version": "LATEST",
            "propagate_tags": "NONE",
            "scheduling_strategy": "REPLICA",
            "service_connect_configuration": [],
            "service_registries": [],
            "tags": {
              "Application": "accounting hub",
              "Stage": "dev"
            },
            "tags_all": {
              "Application": "accounting hub",
              "Stage": "dev"
            },
            "task_definition": "arn:aws:ecs:us-east-1:996158444070:task-definition/accounting-hub-td-dev:85",
            "timeouts": null,
            "triggers": {},
            "volume_configuration": [],
            "wait_for_steady_state": false
          },
          "sensitive_attributes": [],
          "private": "eyJlMmJmYjczMC1lY2FhLTExZTYtOGY4OC0zNDM2M2JjN2M0YzAiOnsiY3JlYXRlIjoxMjAwMDAwMDAwMDAwLCJkZWxldGUiOjEyMDAwMDAwMDAwMDAsInVwZGF0ZSI6MTIwMDAwMDAwMDAwMH0sInNjaGVtYV92ZXJzaW9uIjoiMSJ9",
          "dependencies": [
            "aws_cloudwatch_log_group.ecs",
            "aws_db_instance.rds_instance",
            "aws_db_subnet_group.db_subnets",
            "aws_ecs_cluster.ecs_cluster",
            "aws_ecs_task_definition.task_definition",
            "aws_lb.load_balancer",
            "aws_lb_listener.listener_http",
            "aws_lb_listener.listener_https",
            "aws_lb_target_group.target_group",
            "aws_s3_bucket.s3_bucket",
            "aws_secretsmanager_secret.credentials",
            "aws_secretsmanager_secret_version.credentials",
            "random_password.master"
          ]
        }
      ]
    },
    {
      "mode": "managed",
      "type": "aws_ecs_task_definition",
      "name": "task_definition",
      "provider": "provider[\"registry.terraform.io/hashicorp/aws\"]",
      "instances": [
        {
          "schema_version": 1,
          "attributes": {
            "arn": "arn:aws:ecs:us-east-1:996158444070:task-definition/accounting-hub-td-dev:85",
            "arn_without_revision": "arn:aws:ecs:us-east-1:996158444070:task-definition/accounting-hub-td-dev",
            "container_definitions": "[{\"cpu\":1024,\"entryPoint\":[],\"environment\":[{\"name\":\"AWS_S3_BUCKET\",\"value\":\"accounting-hub-s3-bucket2-dev\"},{\"name\":\"AWS_S3_FOLDER\",\"value\":\"backups/\"}],\"essential\":true,\"healthCheck\":{\"command\":[\"CMD-SHELL\",\"curl -f http://localhost:8080/health || exit 1\"],\"interval\":30,\"retries\":3,\"startPeriod\":10,\"timeout\":5},\"image\":\"cenp86/demogh-image-test7\",\"linuxParameters\":{\"initProcessEnabled\":true},\"logConfiguration\":{\"logDriver\":\"awslogs\",\"options\":{\"awslogs-stream-prefix\":\"ecs\",\"awslogs-group\":\"/ecs/accounting-hub-dev\",\"awslogs-region\":\"us-east-1\"}},\"memory\":2048,\"mountPoints\":[],\"name\":\"accounting-hub-container-dev\",\"portMappings\":[{\"containerPort\":8080,\"hostPort\":8080,\"protocol\":\"tcp\"}],\"secrets\":[{\"name\":\"ACHUB\",\"valueFrom\":\"arn:aws:secretsmanager:us-east-1:996158444070:secret:accounting-hub-credentials-dev-GyyEK7:connection_string::\"},{\"name\":\"MAMBU_APIKEY\",\"valueFrom\":\"arn:aws:secretsmanager:us-east-1:996158444070:secret:accounting-hub-credentials-dev-GyyEK7:mambu_apikey::\"}],\"systemControls\":[],\"volumesFrom\":[]}]",
            "cpu": "1024",
            "ephemeral_storage": [],
            "execution_role_arn": "arn:aws:iam::996158444070:role/ecsTaskExecutionRole",
            "family": "accounting-hub-td-dev",
            "id": "accounting-hub-td-dev",
            "inference_accelerator": [],
            "ipc_mode": "",
            "memory": "2048",
            "network_mode": "awsvpc",
            "pid_mode": "",
            "placement_constraints": [],
            "proxy_configuration": [],
            "requires_compatibilities": [
              "FARGATE"
            ],
            "revision": 85,
            "runtime_platform": [
              {
                "cpu_architecture": "ARM64",
                "operating_system_family": "LINUX"
              }
            ],
            "skip_destroy": false,
            "tags": {
              "Application": "accounting hub",
              "Stage": "dev"
            },
            "tags_all": {
              "Application": "accounting hub",
              "Stage": "dev"
            },
            "task_role_arn": "arn:aws:iam::996158444070:role/ecsTaskExecutionRole",
            "track_latest": false,
            "volume": []
          },
          "sensitive_attributes": [],
          "private": "eyJzY2hlbWFfdmVyc2lvbiI6IjEifQ==",
          "dependencies": [
            "aws_cloudwatch_log_group.ecs",
            "aws_db_instance.rds_instance",
            "aws_db_subnet_group.db_subnets",
            "aws_s3_bucket.s3_bucket",
            "aws_secretsmanager_secret.credentials",
            "aws_secretsmanager_secret_version.credentials",
            "random_password.master"
          ]
        }
      ]
    },
    {
      "mode": "managed",
      "type": "aws_lambda_function",
      "name": "state_change_lambda",
      "provider": "provider[\"registry.terraform.io/hashicorp/aws\"]",
      "instances": [
        {
          "schema_version": 0,
          "attributes": {
            "architectures": [
              "x86_64"
            ],
            "arn": "arn:aws:lambda:us-east-1:996158444070:function:uala_stage3_steps-dev",
            "code_sha256": "ZgslODWgP9URTTz1BX3P+cRC/bwivIv5f5hohlYoyNg=",
            "code_signing_config_arn": "",
            "dead_letter_config": [],
            "description": "",
            "environment": [
              {
                "variables": {
                  "SECRETS_ARN": "arn:aws:secretsmanager:us-east-1:996158444070:secret:accounting-hub-credentials-dev-GyyEK7"
                }
              }
            ],
            "ephemeral_storage": [
              {
                "size": 512
              }
            ],
            "file_system_config": [],
            "filename": "./aws_lambda_functions/uala_stage3_steps.zip",
            "function_name": "uala_stage3_steps-dev",
            "handler": "lambda_function.lambda_handler",
            "id": "uala_stage3_steps-dev",
            "image_config": [],
            "image_uri": "",
            "invoke_arn": "arn:aws:apigateway:us-east-1:lambda:path/2015-03-31/functions/arn:aws:lambda:us-east-1:996158444070:function:uala_stage3_steps-dev/invocations",
            "kms_key_arn": "",
            "last_modified": "2024-10-24T00:01:26.149+0000",
            "layers": null,
            "logging_config": [
              {
                "application_log_level": "",
                "log_format": "Text",
                "log_group": "/aws/lambda/uala_stage3_steps-dev",
                "system_log_level": ""
              }
            ],
            "memory_size": 128,
            "package_type": "Zip",
            "publish": false,
            "qualified_arn": "arn:aws:lambda:us-east-1:996158444070:function:uala_stage3_steps-dev:$LATEST",
            "qualified_invoke_arn": "arn:aws:apigateway:us-east-1:lambda:path/2015-03-31/functions/arn:aws:lambda:us-east-1:996158444070:function:uala_stage3_steps-dev:$LATEST/invocations",
            "replace_security_groups_on_destroy": null,
            "replacement_security_group_ids": null,
            "reserved_concurrent_executions": -1,
            "role": "arn:aws:iam::996158444070:role/service-role/myLambdaRole",
            "runtime": "python3.12",
            "s3_bucket": null,
            "s3_key": null,
            "s3_object_version": null,
            "signing_job_arn": "",
            "signing_profile_version_arn": "",
            "skip_destroy": false,
            "snap_start": [],
            "source_code_hash": "ZgslODWgP9URTTz1BX3P+cRC/bwivIv5f5hohlYoyNg=",
            "source_code_size": 1908,
            "tags": null,
            "tags_all": {},
            "timeout": 120,
            "timeouts": null,
            "tracing_config": [
              {
                "mode": "PassThrough"
              }
            ],
            "version": "$LATEST",
            "vpc_config": []
          },
          "sensitive_attributes": [],
          "private": "eyJlMmJmYjczMC1lY2FhLTExZTYtOGY4OC0zNDM2M2JjN2M0YzAiOnsiY3JlYXRlIjo2MDAwMDAwMDAwMDAsImRlbGV0ZSI6NjAwMDAwMDAwMDAwLCJ1cGRhdGUiOjYwMDAwMDAwMDAwMH19",
          "dependencies": [
            "aws_secretsmanager_secret.credentials",
            "data.archive_file.function_zip"
          ],
          "create_before_destroy": true
        }
      ]
    },
    {
      "mode": "managed",
      "type": "aws_lambda_permission",
      "name": "allow_api_gateway",
      "provider": "provider[\"registry.terraform.io/hashicorp/aws\"]",
      "instances": [
        {
          "schema_version": 0,
          "attributes": {
            "action": "lambda:InvokeFunction",
            "event_source_token": null,
            "function_name": "uala_stage3_steps-dev",
            "function_url_auth_type": null,
            "id": "AllowAPIGateway",
            "principal": "apigateway.amazonaws.com",
            "principal_org_id": null,
            "qualifier": "",
            "source_account": null,
            "source_arn": "arn:aws:execute-api:us-east-1:996158444070:c4sqimr8ie/*/*",
            "statement_id": "AllowAPIGateway",
            "statement_id_prefix": ""
          },
          "sensitive_attributes": [],
          "private": "bnVsbA==",
          "dependencies": [
            "aws_api_gateway_rest_api.ah_apigw",
            "aws_lambda_function.state_change_lambda",
            "aws_lb.load_balancer",
            "aws_lb_listener.listener_http",
            "aws_lb_listener.listener_https",
            "aws_lb_target_group.target_group",
            "aws_secretsmanager_secret.credentials",
            "data.archive_file.function_zip"
          ]
        }
      ]
    },
    {
      "mode": "managed",
      "type": "aws_lb",
      "name": "load_balancer",
      "provider": "provider[\"registry.terraform.io/hashicorp/aws\"]",
      "instances": [
        {
          "schema_version": 0,
          "attributes": {
            "access_logs": [
              {
                "bucket": "",
                "enabled": false,
                "prefix": ""
              }
            ],
            "arn": "arn:aws:elasticloadbalancing:us-east-1:996158444070:loadbalancer/net/accounting-hub-alb-dev/fad54816552cd39f",
            "arn_suffix": "net/accounting-hub-alb-dev/fad54816552cd39f",
            "client_keep_alive": null,
            "connection_logs": [],
            "customer_owned_ipv4_pool": "",
            "desync_mitigation_mode": null,
            "dns_name": "accounting-hub-alb-dev-fad54816552cd39f.elb.us-east-1.amazonaws.com",
            "dns_record_client_routing_policy": "any_availability_zone",
            "drop_invalid_header_fields": null,
            "enable_cross_zone_load_balancing": false,
            "enable_deletion_protection": false,
            "enable_http2": null,
            "enable_tls_version_and_cipher_suite_headers": null,
            "enable_waf_fail_open": null,
            "enable_xff_client_port": null,
            "enforce_security_group_inbound_rules_on_private_link_traffic": "",
            "id": "arn:aws:elasticloadbalancing:us-east-1:996158444070:loadbalancer/net/accounting-hub-alb-dev/fad54816552cd39f",
            "idle_timeout": null,
            "internal": true,
            "ip_address_type": "ipv4",
            "load_balancer_type": "network",
            "name": "accounting-hub-alb-dev",
            "name_prefix": "",
            "preserve_host_header": null,
            "security_groups": [
              "sg-0b9f385632dc5c6bd"
            ],
            "subnet_mapping": [
              {
                "allocation_id": "",
                "ipv6_address": "",
                "outpost_id": "",
                "private_ipv4_address": "",
                "subnet_id": "subnet-004c23dd3f21601b2"
              },
              {
                "allocation_id": "",
                "ipv6_address": "",
                "outpost_id": "",
                "private_ipv4_address": "",
                "subnet_id": "subnet-05668d3946b1d4b33"
              }
            ],
            "subnets": [
              "subnet-004c23dd3f21601b2",
              "subnet-05668d3946b1d4b33"
            ],
            "tags": {
              "Application": "accounting hub",
              "Stage": "dev"
            },
            "tags_all": {
              "Application": "accounting hub",
              "Stage": "dev"
            },
            "timeouts": null,
            "vpc_id": "vpc-00465b6029aa62142",
            "xff_header_processing_mode": null,
            "zone_id": "Z26RNL4JYFTOTI"
          },
          "sensitive_attributes": [],
          "private": "eyJlMmJmYjczMC1lY2FhLTExZTYtOGY4OC0zNDM2M2JjN2M0YzAiOnsiY3JlYXRlIjo2MDAwMDAwMDAwMDAsImRlbGV0ZSI6NjAwMDAwMDAwMDAwLCJ1cGRhdGUiOjYwMDAwMDAwMDAwMH19",
          "create_before_destroy": true
        }
      ]
    },
    {
      "mode": "managed",
      "type": "aws_lb_listener",
      "name": "listener_http",
      "provider": "provider[\"registry.terraform.io/hashicorp/aws\"]",
      "instances": [
        {
          "schema_version": 0,
          "attributes": {
            "alpn_policy": null,
            "arn": "arn:aws:elasticloadbalancing:us-east-1:996158444070:listener/net/accounting-hub-alb-dev/fad54816552cd39f/8cb2c3c101d1a5fc",
            "certificate_arn": null,
            "default_action": [
              {
                "authenticate_cognito": [],
                "authenticate_oidc": [],
                "fixed_response": [],
                "forward": [],
                "order": 1,
                "redirect": [],
                "target_group_arn": "arn:aws:elasticloadbalancing:us-east-1:996158444070:targetgroup/accounting-hub-tg-dev/5fb7a75f09b51983",
                "type": "forward"
              }
            ],
            "id": "arn:aws:elasticloadbalancing:us-east-1:996158444070:listener/net/accounting-hub-alb-dev/fad54816552cd39f/8cb2c3c101d1a5fc",
            "load_balancer_arn": "arn:aws:elasticloadbalancing:us-east-1:996158444070:loadbalancer/net/accounting-hub-alb-dev/fad54816552cd39f",
            "mutual_authentication": [],
            "port": 80,
            "protocol": "TCP",
            "ssl_policy": "",
            "tags": null,
            "tags_all": {},
            "timeouts": null
          },
          "sensitive_attributes": [],
          "private": "eyJlMmJmYjczMC1lY2FhLTExZTYtOGY4OC0zNDM2M2JjN2M0YzAiOnsiY3JlYXRlIjozMDAwMDAwMDAwMDAsInVwZGF0ZSI6MzAwMDAwMDAwMDAwfX0=",
          "dependencies": [
            "aws_lb.load_balancer",
            "aws_lb_target_group.target_group"
          ],
          "create_before_destroy": true
        }
      ]
    },
    {
      "mode": "managed",
      "type": "aws_lb_listener",
      "name": "listener_https",
      "provider": "provider[\"registry.terraform.io/hashicorp/aws\"]",
      "instances": [
        {
          "schema_version": 0,
          "attributes": {
            "alpn_policy": null,
            "arn": "arn:aws:elasticloadbalancing:us-east-1:996158444070:listener/net/accounting-hub-alb-dev/fad54816552cd39f/883f8de85a3b2cbd",
            "certificate_arn": "arn:aws:acm:us-east-1:996158444070:certificate/2c5188c5-e741-4705-8ae9-ac50089e49e1",
            "default_action": [
              {
                "authenticate_cognito": [],
                "authenticate_oidc": [],
                "fixed_response": [],
                "forward": [],
                "order": 1,
                "redirect": [],
                "target_group_arn": "arn:aws:elasticloadbalancing:us-east-1:996158444070:targetgroup/accounting-hub-tg-dev/5fb7a75f09b51983",
                "type": "forward"
              }
            ],
            "id": "arn:aws:elasticloadbalancing:us-east-1:996158444070:listener/net/accounting-hub-alb-dev/fad54816552cd39f/883f8de85a3b2cbd",
            "load_balancer_arn": "arn:aws:elasticloadbalancing:us-east-1:996158444070:loadbalancer/net/accounting-hub-alb-dev/fad54816552cd39f",
            "mutual_authentication": [],
            "port": 443,
            "protocol": "TLS",
            "ssl_policy": "ELBSecurityPolicy-TLS13-1-2-2021-06",
            "tags": null,
            "tags_all": {},
            "timeouts": null
          },
          "sensitive_attributes": [],
          "private": "eyJlMmJmYjczMC1lY2FhLTExZTYtOGY4OC0zNDM2M2JjN2M0YzAiOnsiY3JlYXRlIjozMDAwMDAwMDAwMDAsInVwZGF0ZSI6MzAwMDAwMDAwMDAwfX0=",
          "dependencies": [
            "aws_lb.load_balancer",
            "aws_lb_target_group.target_group"
          ],
          "create_before_destroy": true
        }
      ]
    },
    {
      "mode": "managed",
      "type": "aws_lb_target_group",
      "name": "target_group",
      "provider": "provider[\"registry.terraform.io/hashicorp/aws\"]",
      "instances": [
        {
          "schema_version": 0,
          "attributes": {
            "arn": "arn:aws:elasticloadbalancing:us-east-1:996158444070:targetgroup/accounting-hub-tg-dev/5fb7a75f09b51983",
            "arn_suffix": "targetgroup/accounting-hub-tg-dev/5fb7a75f09b51983",
            "connection_termination": false,
            "deregistration_delay": "300",
            "health_check": [
              {
                "enabled": true,
                "healthy_threshold": 2,
                "interval": 30,
                "matcher": "",
                "path": "",
                "port": "traffic-port",
                "protocol": "TCP",
                "timeout": 10,
                "unhealthy_threshold": 2
              }
            ],
            "id": "arn:aws:elasticloadbalancing:us-east-1:996158444070:targetgroup/accounting-hub-tg-dev/5fb7a75f09b51983",
            "ip_address_type": "ipv4",
            "lambda_multi_value_headers_enabled": false,
            "load_balancer_arns": [],
            "load_balancing_algorithm_type": null,
            "load_balancing_anomaly_mitigation": null,
            "load_balancing_cross_zone_enabled": "use_load_balancer_configuration",
            "name": "accounting-hub-tg-dev",
            "name_prefix": "",
            "port": 8080,
            "preserve_client_ip": "false",
            "protocol": "TCP",
            "protocol_version": null,
            "proxy_protocol_v2": false,
            "slow_start": 0,
            "stickiness": [
              {
                "cookie_duration": 0,
                "cookie_name": "",
                "enabled": false,
                "type": "source_ip"
              }
            ],
            "tags": {
              "Application": "accounting hub",
              "Stage": "dev"
            },
            "tags_all": {
              "Application": "accounting hub",
              "Stage": "dev"
            },
            "target_failover": [
              {
                "on_deregistration": null,
                "on_unhealthy": null
              }
            ],
            "target_group_health": [
              {
                "dns_failover": [
                  {
                    "minimum_healthy_targets_count": "1",
                    "minimum_healthy_targets_percentage": "off"
                  }
                ],
                "unhealthy_state_routing": [
                  {
                    "minimum_healthy_targets_count": 1,
                    "minimum_healthy_targets_percentage": "off"
                  }
                ]
              }
            ],
            "target_health_state": [
              {
                "enable_unhealthy_connection_termination": true,
                "unhealthy_draining_interval": 0
              }
            ],
            "target_type": "ip",
            "vpc_id": "vpc-00465b6029aa62142"
          },
          "sensitive_attributes": [],
          "private": "bnVsbA==",
          "create_before_destroy": true
        }
      ]
    },
    {
      "mode": "managed",
      "type": "aws_route53_record",
      "name": "node",
      "provider": "provider[\"registry.terraform.io/hashicorp/aws\"]",
      "instances": [
        {
          "schema_version": 2,
          "attributes": {
            "alias": [
              {
                "evaluate_target_health": true,
                "name": "accounting-hub-alb-dev-fad54816552cd39f.elb.us-east-1.amazonaws.com",
                "zone_id": "Z26RNL4JYFTOTI"
              }
            ],
            "allow_overwrite": null,
            "cidr_routing_policy": [],
            "failover_routing_policy": [],
            "fqdn": "ah.cenponline.net",
            "geolocation_routing_policy": [],
            "geoproximity_routing_policy": [],
            "health_check_id": "",
            "id": "Z02785561U7BN9ZZRI601_ah.cenponline.net_A",
            "latency_routing_policy": [],
            "multivalue_answer_routing_policy": false,
            "name": "ah.cenponline.net",
            "records": null,
            "set_identifier": "",
            "ttl": 0,
            "type": "A",
            "weighted_routing_policy": [],
            "zone_id": "Z02785561U7BN9ZZRI601"
          },
          "sensitive_attributes": [],
          "private": "eyJzY2hlbWFfdmVyc2lvbiI6IjIifQ==",
          "dependencies": [
            "aws_lb.load_balancer"
          ]
        }
      ]
    },
    {
      "mode": "managed",
      "type": "aws_s3_bucket",
      "name": "s3_bucket",
      "provider": "provider[\"registry.terraform.io/hashicorp/aws\"]",
      "instances": [
        {
          "schema_version": 0,
          "attributes": {
            "acceleration_status": "",
            "acl": null,
            "arn": "arn:aws:s3:::accounting-hub-s3-bucket2-dev",
            "bucket": "accounting-hub-s3-bucket2-dev",
            "bucket_domain_name": "accounting-hub-s3-bucket2-dev.s3.amazonaws.com",
            "bucket_prefix": "",
            "bucket_regional_domain_name": "accounting-hub-s3-bucket2-dev.s3.us-east-1.amazonaws.com",
            "cors_rule": [],
            "force_destroy": false,
            "grant": [
              {
                "id": "fc707067a4b40a182bddc2cf4dfccc428d3d6a749033f236bdf2a44075785512",
                "permissions": [
                  "FULL_CONTROL"
                ],
                "type": "CanonicalUser",
                "uri": ""
              }
            ],
            "hosted_zone_id": "Z3AQBSTGFYJSTF",
            "id": "accounting-hub-s3-bucket2-dev",
            "lifecycle_rule": [],
            "logging": [],
            "object_lock_configuration": [],
            "object_lock_enabled": false,
            "policy": "",
            "region": "us-east-1",
            "replication_configuration": [],
            "request_payer": "BucketOwner",
            "server_side_encryption_configuration": [
              {
                "rule": [
                  {
                    "apply_server_side_encryption_by_default": [
                      {
                        "kms_master_key_id": "",
                        "sse_algorithm": "AES256"
                      }
                    ],
                    "bucket_key_enabled": false
                  }
                ]
              }
            ],
            "tags": {
              "Application": "accounting hub",
              "Stage": "dev"
            },
            "tags_all": {
              "Application": "accounting hub",
              "Stage": "dev"
            },
            "timeouts": null,
            "versioning": [
              {
                "enabled": false,
                "mfa_delete": false
              }
            ],
            "website": [],
            "website_domain": null,
            "website_endpoint": null
          },
          "sensitive_attributes": [],
          "private": "eyJlMmJmYjczMC1lY2FhLTExZTYtOGY4OC0zNDM2M2JjN2M0YzAiOnsiY3JlYXRlIjoxMjAwMDAwMDAwMDAwLCJkZWxldGUiOjM2MDAwMDAwMDAwMDAsInJlYWQiOjEyMDAwMDAwMDAwMDAsInVwZGF0ZSI6MTIwMDAwMDAwMDAwMH19"
        }
      ]
    },
    {
      "mode": "managed",
      "type": "aws_s3_bucket_policy",
      "name": "bucket_policy",
      "provider": "provider[\"registry.terraform.io/hashicorp/aws\"]",
      "instances": [
        {
          "schema_version": 0,
          "attributes": {
            "bucket": "accounting-hub-s3-bucket2-dev",
            "id": "accounting-hub-s3-bucket2-dev",
            "policy": "{\"Statement\":[{\"Action\":[\"s3:*\"],\"Effect\":\"Allow\",\"Principal\":{\"AWS\":\"arn:aws:iam::996158444070:role/ecsTaskExecutionRole\"},\"Resource\":[\"arn:aws:s3:::accounting-hub-s3-bucket2-dev\",\"arn:aws:s3:::accounting-hub-s3-bucket2-dev/*\"]}],\"Version\":\"2012-10-17\"}"
          },
          "sensitive_attributes": [],
          "private": "bnVsbA==",
          "dependencies": [
            "aws_s3_bucket.s3_bucket"
          ]
        }
      ]
    },
    {
      "mode": "managed",
      "type": "aws_s3_object",
      "name": "s3_folder",
      "provider": "provider[\"registry.terraform.io/hashicorp/aws\"]",
      "instances": [
        {
          "schema_version": 0,
          "attributes": {
            "acl": null,
            "arn": "arn:aws:s3:::accounting-hub-s3-bucket2-dev/backups/",
            "bucket": "accounting-hub-s3-bucket2-dev",
            "bucket_key_enabled": false,
            "cache_control": "",
            "checksum_algorithm": null,
            "checksum_crc32": "",
            "checksum_crc32c": "",
            "checksum_sha1": "",
            "checksum_sha256": "",
            "content": null,
            "content_base64": null,
            "content_disposition": "",
            "content_encoding": "",
            "content_language": "",
            "content_type": "application/x-directory",
            "etag": "d41d8cd98f00b204e9800998ecf8427e",
            "force_destroy": false,
            "id": "backups/",
            "key": "backups/",
            "kms_key_id": null,
            "metadata": null,
            "object_lock_legal_hold_status": "",
            "object_lock_mode": "",
            "object_lock_retain_until_date": "",
            "override_provider": [],
            "server_side_encryption": "AES256",
            "source": null,
            "source_hash": null,
            "storage_class": "STANDARD",
            "tags": null,
            "tags_all": {},
            "version_id": "",
            "website_redirect": ""
          },
          "sensitive_attributes": [],
          "private": "bnVsbA==",
          "dependencies": [
            "aws_s3_bucket.s3_bucket"
          ]
        }
      ]
    },
    {
      "mode": "managed",
      "type": "aws_secretsmanager_secret",
      "name": "credentials",
      "provider": "provider[\"registry.terraform.io/hashicorp/aws\"]",
      "instances": [
        {
          "schema_version": 0,
          "attributes": {
            "arn": "arn:aws:secretsmanager:us-east-1:996158444070:secret:accounting-hub-credentials-dev-GyyEK7",
            "description": "Accounting Hub secrets",
            "force_overwrite_replica_secret": false,
            "id": "arn:aws:secretsmanager:us-east-1:996158444070:secret:accounting-hub-credentials-dev-GyyEK7",
            "kms_key_id": "",
            "name": "accounting-hub-credentials-dev",
            "name_prefix": "",
            "policy": "",
            "recovery_window_in_days": 0,
            "replica": [],
            "tags": {
              "Application": "accounting hub",
              "Stage": "dev"
            },
            "tags_all": {
              "Application": "accounting hub",
              "Stage": "dev"
            }
          },
          "sensitive_attributes": [],
          "private": "bnVsbA==",
          "create_before_destroy": true
        }
      ]
    },
    {
      "mode": "managed",
      "type": "aws_secretsmanager_secret_policy",
      "name": "credentials",
      "provider": "provider[\"registry.terraform.io/hashicorp/aws\"]",
      "instances": [
        {
          "schema_version": 0,
          "attributes": {
            "block_public_policy": null,
            "id": "arn:aws:secretsmanager:us-east-1:996158444070:secret:accounting-hub-credentials-dev-GyyEK7",
            "policy": "{\"Statement\":[{\"Action\":[\"secretsmanager:GetSecretValue\",\"secretsmanager:ListSecrets\"],\"Effect\":\"Allow\",\"Principal\":{\"AWS\":[\"arn:aws:iam::996158444070:role/service-role/myLambdaRole\",\"arn:aws:iam::996158444070:role/ecsTaskExecutionRole\"]},\"Resource\":\"*\",\"Sid\":\"AllowAccessToSecret\"}],\"Version\":\"2012-10-17\"}",
            "secret_arn": "arn:aws:secretsmanager:us-east-1:996158444070:secret:accounting-hub-credentials-dev-GyyEK7"
          },
          "sensitive_attributes": [],
          "private": "bnVsbA==",
          "dependencies": [
            "aws_secretsmanager_secret.credentials"
          ]
        }
      ]
    },
    {
      "mode": "managed",
      "type": "aws_secretsmanager_secret_version",
      "name": "credentials",
      "provider": "provider[\"registry.terraform.io/hashicorp/aws\"]",
      "instances": [
        {
          "schema_version": 0,
          "attributes": {
            "arn": "arn:aws:secretsmanager:us-east-1:996158444070:secret:accounting-hub-credentials-dev-GyyEK7",
            "id": "arn:aws:secretsmanager:us-east-1:996158444070:secret:accounting-hub-credentials-dev-GyyEK7|terraform-20241024000735227900000002",
            "secret_binary": "",
            "secret_id": "arn:aws:secretsmanager:us-east-1:996158444070:secret:accounting-hub-credentials-dev-GyyEK7",
            "secret_string": "{\"connection_string\":\"server=accounting-hub-rds-dev.c5kyga822ujy.us-east-1.rds.amazonaws.com;database=conta;user=root;password=GHH4i!%yEDG6RXNe3cdcyp2I_mAf4MGS\",\"db_password\":\"GHH4i!%yEDG6RXNe3cdcyp2I_mAf4MGS\",\"mambu_apikey\":\"ro4GzbRFIjrZMmfG31h96ZOgecbVIHat\"}",
            "version_id": "terraform-20241024000735227900000002",
            "version_stages": [
              "AWSCURRENT"
            ]
          },
          "sensitive_attributes": [
            [
              {
                "type": "get_attr",
                "value": "secret_string"
              }
            ],
            [
              {
                "type": "get_attr",
                "value": "secret_binary"
              }
            ]
          ],
          "private": "bnVsbA==",
          "dependencies": [
            "aws_db_instance.rds_instance",
            "aws_db_subnet_group.db_subnets",
            "aws_secretsmanager_secret.credentials",
            "random_password.master"
          ]
        }
      ]
    },
    {
      "mode": "managed",
      "type": "random_password",
      "name": "master",
      "provider": "provider[\"registry.terraform.io/hashicorp/random\"]",
      "instances": [
        {
          "schema_version": 3,
          "attributes": {
            "bcrypt_hash": "$2a$10$nll9wZqBgRUmG9z1t9WCIOS8tcYTETipveJ9hasq/QsSILm.cLgE6",
            "id": "none",
            "keepers": null,
            "length": 32,
            "lower": true,
            "min_lower": 0,
            "min_numeric": 0,
            "min_special": 0,
            "min_upper": 0,
            "number": true,
            "numeric": true,
            "override_special": "_!%^",
            "result": "GHH4i!%yEDG6RXNe3cdcyp2I_mAf4MGS",
            "special": true,
            "upper": true
          },
          "sensitive_attributes": [
            [
              {
                "type": "get_attr",
                "value": "result"
              }
            ],
            [
              {
                "type": "get_attr",
                "value": "bcrypt_hash"
              }
            ]
          ]
        }
      ]
    }
  ],
  "check_results": null
}
